
Microsoft Visual Studio Solution File, Format Version 12.00
# Visual Studio 2012
Project("{FAE04EC0-301F-11D3-BF4B-00C04F79EFBC}") = "MvcModels", "MvcModels\MvcModels.csproj", "{25A98EB8-17F2-419D-900D-C77E1B8BD64C}"
EndProject
Project("{FAE04EC0-301F-11D3-BF4B-00C04F79EFBC}") = "MvcModels.Tests", "MvcModels.Tests\MvcModels.Tests.csproj", "{649F9597-63A0-4A0B-9FBA-71834580D9A4}"
EndProject
Global
	GlobalSection(SolutionConfigurationPlatforms) = preSolution
		Debug|Any CPU = Debug|Any CPU
		Release|Any CPU = Release|Any CPU
	EndGlobalSection
	GlobalSection(ProjectConfigurationPlatforms) = postSolution
		{25A98EB8-17F2-419D-900D-C77E1B8BD64C}.Debug|Any CPU.ActiveCfg = Debug|Any CPU
		{25A98EB8-17F2-419D-900D-C77E1B8BD64C}.Debug|Any CPU.Build.0 = Debug|Any CPU
		{25A98EB8-17F2-419D-900D-C77E1B8BD64C}.Release|Any CPU.ActiveCfg = Release|Any CPU
		{25A98EB8-17F2-419D-900D-C77E1B8BD64C}.Release|Any CPU.Build.0 = Release|Any CPU
		{649F9597-63A0-4A0B-9FBA-71834580D9A4}.Debug|Any CPU.ActiveCfg = Debug|Any CPU
		{649F9597-63A0-4A0B-9FBA-71834580D9A4}.Debug|Any CPU.Build.0 = Debug|Any CPU
		{649F9597-63A0-4A0B-9FBA-71834580D9A4}.Release|Any CPU.ActiveCfg = Release|Any CPU
		{649F9597-63A0-4A0B-9FBA-71834580D9A4}.Release|Any CPU.Build.0 = Release|Any CPU
	EndGlobalSection
	GlobalSection(SolutionProperties) = preSolution
		HideSolutionNode = FALSE
	EndGlobalSection
EndGlobal
