
Microsoft Visual Studio Solution File, Format Version 12.00
# Visual Studio 2012
Project("{FAE04EC0-301F-11D3-BF4B-00C04F79EFBC}") = "WorkingWithRazor", "WorkingWithRazor\WorkingWithRazor.csproj", "{D126327E-317A-493D-9B2A-FBD77C8332EF}"
EndProject
Project("{FAE04EC0-301F-11D3-BF4B-00C04F79EFBC}") = "WorkingWithRazor.Tests", "WorkingWithRazor.Tests\WorkingWithRazor.Tests.csproj", "{F155CBE6-F01F-424F-BA4B-CA039FFD26FE}"
EndProject
Global
	GlobalSection(SolutionConfigurationPlatforms) = preSolution
		Debug|Any CPU = Debug|Any CPU
		Release|Any CPU = Release|Any CPU
	EndGlobalSection
	GlobalSection(ProjectConfigurationPlatforms) = postSolution
		{D126327E-317A-493D-9B2A-FBD77C8332EF}.Debug|Any CPU.ActiveCfg = Debug|Any CPU
		{D126327E-317A-493D-9B2A-FBD77C8332EF}.Debug|Any CPU.Build.0 = Debug|Any CPU
		{D126327E-317A-493D-9B2A-FBD77C8332EF}.Release|Any CPU.ActiveCfg = Release|Any CPU
		{D126327E-317A-493D-9B2A-FBD77C8332EF}.Release|Any CPU.Build.0 = Release|Any CPU
		{F155CBE6-F01F-424F-BA4B-CA039FFD26FE}.Debug|Any CPU.ActiveCfg = Debug|Any CPU
		{F155CBE6-F01F-424F-BA4B-CA039FFD26FE}.Debug|Any CPU.Build.0 = Debug|Any CPU
		{F155CBE6-F01F-424F-BA4B-CA039FFD26FE}.Release|Any CPU.ActiveCfg = Release|Any CPU
		{F155CBE6-F01F-424F-BA4B-CA039FFD26FE}.Release|Any CPU.Build.0 = Release|Any CPU
	EndGlobalSection
	GlobalSection(SolutionProperties) = preSolution
		HideSolutionNode = FALSE
	EndGlobalSection
EndGlobal
