
Microsoft Visual Studio Solution File, Format Version 12.00
# Visual Studio 2012
Project("{FAE04EC0-301F-11D3-BF4B-00C04F79EFBC}") = "ClientFeatures", "ClientFeatures\ClientFeatures.csproj", "{127F3455-C3C3-4BA4-A822-1BC2D221B11E}"
EndProject
Project("{FAE04EC0-301F-11D3-BF4B-00C04F79EFBC}") = "ClientFeatures.Tests", "ClientFeatures.Tests\ClientFeatures.Tests.csproj", "{87ADF282-882D-4E80-8051-E0414D5C28B2}"
EndProject
Global
	GlobalSection(SolutionConfigurationPlatforms) = preSolution
		Debug|Any CPU = Debug|Any CPU
		Release|Any CPU = Release|Any CPU
	EndGlobalSection
	GlobalSection(ProjectConfigurationPlatforms) = postSolution
		{127F3455-C3C3-4BA4-A822-1BC2D221B11E}.Debug|Any CPU.ActiveCfg = Debug|Any CPU
		{127F3455-C3C3-4BA4-A822-1BC2D221B11E}.Debug|Any CPU.Build.0 = Debug|Any CPU
		{127F3455-C3C3-4BA4-A822-1BC2D221B11E}.Release|Any CPU.ActiveCfg = Release|Any CPU
		{127F3455-C3C3-4BA4-A822-1BC2D221B11E}.Release|Any CPU.Build.0 = Release|Any CPU
		{87ADF282-882D-4E80-8051-E0414D5C28B2}.Debug|Any CPU.ActiveCfg = Debug|Any CPU
		{87ADF282-882D-4E80-8051-E0414D5C28B2}.Debug|Any CPU.Build.0 = Debug|Any CPU
		{87ADF282-882D-4E80-8051-E0414D5C28B2}.Release|Any CPU.ActiveCfg = Release|Any CPU
		{87ADF282-882D-4E80-8051-E0414D5C28B2}.Release|Any CPU.Build.0 = Release|Any CPU
	EndGlobalSection
	GlobalSection(SolutionProperties) = preSolution
		HideSolutionNode = FALSE
	EndGlobalSection
EndGlobal
